
Microsoft Visual Studio Solution File, Format Version 12.00
# Visual Studio Version 17
VisualStudioVersion = 17.6.33723.286
MinimumVisualStudioVersion = 10.0.40219.1
Project("{FAE04EC0-301F-11D3-BF4B-00C04F79EFBC}") = "KendoCRUDService", "KendoCRUDService\KendoCRUDService.csproj", "{0341E3B7-6577-40BF-B4F7-3EECED1985BB}"
EndProject
Global
	GlobalSection(SolutionConfigurationPlatforms) = preSolution
		Debug|Any CPU = Debug|Any CPU
		Release|Any CPU = Release|Any CPU
	EndGlobalSection
	GlobalSection(ProjectConfigurationPlatforms) = postSolution
		{0341E3B7-6577-40BF-B4F7-3EECED1985BB}.Debug|Any CPU.ActiveCfg = Debug|Any CPU
		{0341E3B7-6577-40BF-B4F7-3EECED1985BB}.Debug|Any CPU.Build.0 = Debug|Any CPU
		{0341E3B7-6577-40BF-B4F7-3EECED1985BB}.Release|Any CPU.ActiveCfg = Release|Any CPU
		{0341E3B7-6577-40BF-B4F7-3EECED1985BB}.Release|Any CPU.Build.0 = Release|Any CPU
	EndGlobalSection
	GlobalSection(SolutionProperties) = preSolution
		HideSolutionNode = FALSE
	EndGlobalSection
	GlobalSection(ExtensibilityGlobals) = postSolution
		SolutionGuid = {3C7BD298-5870-48F5-8215-7EE00C7DED32}
	EndGlobalSection
EndGlobal
