
Microsoft Visual Studio Solution File, Format Version 12.00
# Visual Studio Version 17
VisualStudioVersion = 17.2.32630.192
MinimumVisualStudioVersion = 10.0.40219.1
Project("{FAE04EC0-301F-11D3-BF4B-00C04F79EFBC}") = "KendoCoreService", "KendoCoreService\KendoCoreService.csproj", "{428FECF6-2150-4B40-9A0A-3F5CF542CBD2}"
EndProject
Global
	GlobalSection(SolutionConfigurationPlatforms) = preSolution
		Debug|Any CPU = Debug|Any CPU
		Release|Any CPU = Release|Any CPU
	EndGlobalSection
	GlobalSection(ProjectConfigurationPlatforms) = postSolution
		{428FECF6-2150-4B40-9A0A-3F5CF542CBD2}.Debug|Any CPU.ActiveCfg = Debug|Any CPU
		{428FECF6-2150-4B40-9A0A-3F5CF542CBD2}.Debug|Any CPU.Build.0 = Debug|Any CPU
		{428FECF6-2150-4B40-9A0A-3F5CF542CBD2}.Release|Any CPU.ActiveCfg = Release|Any CPU
		{428FECF6-2150-4B40-9A0A-3F5CF542CBD2}.Release|Any CPU.Build.0 = Release|Any CPU
	EndGlobalSection
	GlobalSection(SolutionProperties) = preSolution
		HideSolutionNode = FALSE
	EndGlobalSection
	GlobalSection(ExtensibilityGlobals) = postSolution
		SolutionGuid = {AC4A30EC-62C2-432C-9EAF-C83833D24075}
	EndGlobalSection
EndGlobal
