
Microsoft Visual Studio Solution File, Format Version 12.00
# Visual Studio 15
VisualStudioVersion = 15.0.27428.2037
MinimumVisualStudioVersion = 10.0.40219.1
Project("{FAE04EC0-301F-11D3-BF4B-00C04F79EFBC}") = "signalr-for-aspnet-core", "signalr-for-aspnet-core\signalr-for-aspnet-core.csproj", "{C10DB25F-9FF8-4136-A05D-1869947045AF}"
EndProject
Global
	GlobalSection(SolutionConfigurationPlatforms) = preSolution
		Debug|Any CPU = Debug|Any CPU
		Release|Any CPU = Release|Any CPU
	EndGlobalSection
	GlobalSection(ProjectConfigurationPlatforms) = postSolution
		{C10DB25F-9FF8-4136-A05D-1869947045AF}.Debug|Any CPU.ActiveCfg = Debug|Any CPU
		{C10DB25F-9FF8-4136-A05D-1869947045AF}.Debug|Any CPU.Build.0 = Debug|Any CPU
		{C10DB25F-9FF8-4136-A05D-1869947045AF}.Release|Any CPU.ActiveCfg = Release|Any CPU
		{C10DB25F-9FF8-4136-A05D-1869947045AF}.Release|Any CPU.Build.0 = Release|Any CPU
	EndGlobalSection
	GlobalSection(SolutionProperties) = preSolution
		HideSolutionNode = FALSE
	EndGlobalSection
	GlobalSection(ExtensibilityGlobals) = postSolution
		SolutionGuid = {DF301F58-E83C-4229-A456-08A454A9AD2F}
	EndGlobalSection
EndGlobal
