
Microsoft Visual Studio Solution File, Format Version 12.00
# Visual Studio 15
VisualStudioVersion = 15.0.27703.2035
MinimumVisualStudioVersion = 10.0.40219.1
Project("{FAE04EC0-301F-11D3-BF4B-00C04F79EFBC}") = "graphql-aspnet-core", "graphql-aspnet-core\graphql-aspnet-core.csproj", "{F78EF199-7383-46A6-8074-7CF876D60E60}"
EndProject
Global
	GlobalSection(SolutionConfigurationPlatforms) = preSolution
		Debug|Any CPU = Debug|Any CPU
		Release|Any CPU = Release|Any CPU
	EndGlobalSection
	GlobalSection(ProjectConfigurationPlatforms) = postSolution
		{F78EF199-7383-46A6-8074-7CF876D60E60}.Debug|Any CPU.ActiveCfg = Debug|Any CPU
		{F78EF199-7383-46A6-8074-7CF876D60E60}.Debug|Any CPU.Build.0 = Debug|Any CPU
		{F78EF199-7383-46A6-8074-7CF876D60E60}.Release|Any CPU.ActiveCfg = Release|Any CPU
		{F78EF199-7383-46A6-8074-7CF876D60E60}.Release|Any CPU.Build.0 = Release|Any CPU
	EndGlobalSection
	GlobalSection(SolutionProperties) = preSolution
		HideSolutionNode = FALSE
	EndGlobalSection
	GlobalSection(ExtensibilityGlobals) = postSolution
		SolutionGuid = {ABA4C532-2CAF-4B9A-B0E2-EE4F21C83D64}
	EndGlobalSection
EndGlobal
